
Microsoft Visual Studio Solution File, Format Version 12.00
# Visual Studio Version 17
VisualStudioVersion = 17.4.33403.182
MinimumVisualStudioVersion = 10.0.40219.1
Project("{FAE04EC0-301F-11D3-BF4B-00C04F79EFBC}") = "NZWalks.API", "NZWalks.API\NZWalks.API.csproj", "{ABDAE60B-E709-4D8A-B203-7D66BDFD2687}"
EndProject
Global
	GlobalSection(SolutionConfigurationPlatforms) = preSolution
		Debug|Any CPU = Debug|Any CPU
		Release|Any CPU = Release|Any CPU
	EndGlobalSection
	GlobalSection(ProjectConfigurationPlatforms) = postSolution
		{ABDAE60B-E709-4D8A-B203-7D66BDFD2687}.Debug|Any CPU.ActiveCfg = Debug|Any CPU
		{ABDAE60B-E709-4D8A-B203-7D66BDFD2687}.Debug|Any CPU.Build.0 = Debug|Any CPU
		{ABDAE60B-E709-4D8A-B203-7D66BDFD2687}.Release|Any CPU.ActiveCfg = Release|Any CPU
		{ABDAE60B-E709-4D8A-B203-7D66BDFD2687}.Release|Any CPU.Build.0 = Release|Any CPU
	EndGlobalSection
	GlobalSection(SolutionProperties) = preSolution
		HideSolutionNode = FALSE
	EndGlobalSection
	GlobalSection(ExtensibilityGlobals) = postSolution
		SolutionGuid = {D5F4DF72-5989-4B05-A2B6-7EFE4A46613D}
	EndGlobalSection
EndGlobal
